// !$*UTF8*$!
{
	archiveVersion = 1;
	classes = {
	};
	objectVersion = 56;
	objects = {

/* Begin PBXBuildFile section */
		E5520CA22BFF878C0075C0CF /* CartBucketView.swift in Sources */ = {isa = PBXBuildFile; fileRef = E5520CA12BFF878C0075C0CF /* CartBucketView.swift */; };
		E5520CA42C002BCA0075C0CF /* CartManager.swift in Sources */ = {isa = PBXBuildFile; fileRef = E5520CA32C002BCA0075C0CF /* CartManager.swift */; };
		E5520CA62C002E3B0075C0CF /* Cart.swift in Sources */ = {isa = PBXBuildFile; fileRef = E5520CA52C002E3B0075C0CF /* Cart.swift */; };
		E5520CA82C002F240075C0CF /* AddOn.swift in Sources */ = {isa = PBXBuildFile; fileRef = E5520CA72C002F240075C0CF /* AddOn.swift */; };
		E5520CAA2C0076BF0075C0CF /* SheetManager.swift in Sources */ = {isa = PBXBuildFile; fileRef = E5520CA92C0076BF0075C0CF /* SheetManager.swift */; };
		E5520CAC2C018A0F0075C0CF /* Transaction.swift in Sources */ = {isa = PBXBuildFile; fileRef = E5520CAB2C018A0E0075C0CF /* Transaction.swift */; };
		E5520CAE2C018C2A0075C0CF /* TransactionManager.swift in Sources */ = {isa = PBXBuildFile; fileRef = E5520CAD2C018C2A0075C0CF /* TransactionManager.swift */; };
		E57046012BF596AA00D61155 /* harlanholdenkioskApp.swift in Sources */ = {isa = PBXBuildFile; fileRef = E57046002BF596AA00D61155 /* harlanholdenkioskApp.swift */; };
		E57046052BF596AB00D61155 /* Assets.xcassets in Resources */ = {isa = PBXBuildFile; fileRef = E57046042BF596AB00D61155 /* Assets.xcassets */; };
		E57046082BF596AB00D61155 /* Preview Assets.xcassets in Resources */ = {isa = PBXBuildFile; fileRef = E57046072BF596AB00D61155 /* Preview Assets.xcassets */; };
		E57046132BF5AD8300D61155 /* PreImage.swift in Sources */ = {isa = PBXBuildFile; fileRef = E57046122BF5AD8300D61155 /* PreImage.swift */; };
		E57046172BF5B05A00D61155 /* PreScreenView.swift in Sources */ = {isa = PBXBuildFile; fileRef = E57046162BF5B05A00D61155 /* PreScreenView.swift */; };
		E57046192BF5DD8500D61155 /* HomeView.swift in Sources */ = {isa = PBXBuildFile; fileRef = E57046182BF5DD8500D61155 /* HomeView.swift */; };
		E57046342BFB8CD800D61155 /* TypeSales.swift in Sources */ = {isa = PBXBuildFile; fileRef = E57046332BFB8CD800D61155 /* TypeSales.swift */; };
		E570463D2BFC31E300D61155 /* Menu.swift in Sources */ = {isa = PBXBuildFile; fileRef = E570463C2BFC31E300D61155 /* Menu.swift */; };
		E570463F2BFC75F900D61155 /* OrderView.swift in Sources */ = {isa = PBXBuildFile; fileRef = E570463E2BFC75F900D61155 /* OrderView.swift */; };
		E57046412BFC761A00D61155 /* PaymentView.swift in Sources */ = {isa = PBXBuildFile; fileRef = E57046402BFC761A00D61155 /* PaymentView.swift */; };
		E57046432BFC763000D61155 /* WaitingPayment.swift in Sources */ = {isa = PBXBuildFile; fileRef = E57046422BFC763000D61155 /* WaitingPayment.swift */; };
		E57046452BFC764000D61155 /* SuccessPayment.swift in Sources */ = {isa = PBXBuildFile; fileRef = E57046442BFC764000D61155 /* SuccessPayment.swift */; };
		E57046472BFC89D200D61155 /* ModalMenu.swift in Sources */ = {isa = PBXBuildFile; fileRef = E57046462BFC89D200D61155 /* ModalMenu.swift */; };
		E57046492BFC911B00D61155 /* Payment.swift in Sources */ = {isa = PBXBuildFile; fileRef = E57046482BFC911B00D61155 /* Payment.swift */; };
		E570464B2BFDA76900D61155 /* NavigationStackManager.swift in Sources */ = {isa = PBXBuildFile; fileRef = E570464A2BFDA76900D61155 /* NavigationStackManager.swift */; };
/* End PBXBuildFile section */

/* Begin PBXFileReference section */
		E5520CA12BFF878C0075C0CF /* CartBucketView.swift */ = {isa = PBXFileReference; lastKnownFileType = sourcecode.swift; path = CartBucketView.swift; sourceTree = "<group>"; };
		E5520CA32C002BCA0075C0CF /* CartManager.swift */ = {isa = PBXFileReference; lastKnownFileType = sourcecode.swift; path = CartManager.swift; sourceTree = "<group>"; };
		E5520CA52C002E3B0075C0CF /* Cart.swift */ = {isa = PBXFileReference; lastKnownFileType = sourcecode.swift; path = Cart.swift; sourceTree = "<group>"; };
		E5520CA72C002F240075C0CF /* AddOn.swift */ = {isa = PBXFileReference; lastKnownFileType = sourcecode.swift; path = AddOn.swift; sourceTree = "<group>"; };
		E5520CA92C0076BF0075C0CF /* SheetManager.swift */ = {isa = PBXFileReference; lastKnownFileType = sourcecode.swift; path = SheetManager.swift; sourceTree = "<group>"; };
		E5520CAB2C018A0E0075C0CF /* Transaction.swift */ = {isa = PBXFileReference; lastKnownFileType = sourcecode.swift; path = Transaction.swift; sourceTree = "<group>"; };
		E5520CAD2C018C2A0075C0CF /* TransactionManager.swift */ = {isa = PBXFileReference; lastKnownFileType = sourcecode.swift; path = TransactionManager.swift; sourceTree = "<group>"; };
		E57045FD2BF596AA00D61155 /* harlanholdenkiosk.app */ = {isa = PBXFileReference; explicitFileType = wrapper.application; includeInIndex = 0; path = harlanholdenkiosk.app; sourceTree = BUILT_PRODUCTS_DIR; };
		E57046002BF596AA00D61155 /* harlanholdenkioskApp.swift */ = {isa = PBXFileReference; lastKnownFileType = sourcecode.swift; path = harlanholdenkioskApp.swift; sourceTree = "<group>"; };
		E57046042BF596AB00D61155 /* Assets.xcassets */ = {isa = PBXFileReference; lastKnownFileType = folder.assetcatalog; path = Assets.xcassets; sourceTree = "<group>"; };
		E57046072BF596AB00D61155 /* Preview Assets.xcassets */ = {isa = PBXFileReference; lastKnownFileType = folder.assetcatalog; path = "Preview Assets.xcassets"; sourceTree = "<group>"; };
		E57046122BF5AD8300D61155 /* PreImage.swift */ = {isa = PBXFileReference; lastKnownFileType = sourcecode.swift; path = PreImage.swift; sourceTree = "<group>"; };
		E57046162BF5B05A00D61155 /* PreScreenView.swift */ = {isa = PBXFileReference; lastKnownFileType = sourcecode.swift; path = PreScreenView.swift; sourceTree = "<group>"; };
		E57046182BF5DD8500D61155 /* HomeView.swift */ = {isa = PBXFileReference; lastKnownFileType = sourcecode.swift; path = HomeView.swift; sourceTree = "<group>"; };
		E57046332BFB8CD800D61155 /* TypeSales.swift */ = {isa = PBXFileReference; lastKnownFileType = sourcecode.swift; path = TypeSales.swift; sourceTree = "<group>"; };
		E57046352BFB915600D61155 /* Info.plist */ = {isa = PBXFileReference; lastKnownFileType = text.plist; path = Info.plist; sourceTree = "<group>"; };
		E57046362BFB920D00D61155 /* Poppins-Bold.ttf */ = {isa = PBXFileReference; lastKnownFileType = file; path = "Poppins-Bold.ttf"; sourceTree = "<group>"; };
		E57046372BFB920D00D61155 /* Poppins-Regular.ttf */ = {isa = PBXFileReference; lastKnownFileType = file; path = "Poppins-Regular.ttf"; sourceTree = "<group>"; };
		E57046382BFB920D00D61155 /* Poppins-ExtraLight.ttf */ = {isa = PBXFileReference; lastKnownFileType = file; path = "Poppins-ExtraLight.ttf"; sourceTree = "<group>"; };
		E57046392BFB920D00D61155 /* Poppins-SemiBold.ttf */ = {isa = PBXFileReference; lastKnownFileType = file; path = "Poppins-SemiBold.ttf"; sourceTree = "<group>"; };
		E570463A2BFB920D00D61155 /* Poppins-Light.ttf */ = {isa = PBXFileReference; lastKnownFileType = file; path = "Poppins-Light.ttf"; sourceTree = "<group>"; };
		E570463B2BFB920D00D61155 /* Poppins-Medium.ttf */ = {isa = PBXFileReference; lastKnownFileType = file; path = "Poppins-Medium.ttf"; sourceTree = "<group>"; };
		E570463C2BFC31E300D61155 /* Menu.swift */ = {isa = PBXFileReference; lastKnownFileType = sourcecode.swift; path = Menu.swift; sourceTree = "<group>"; };
		E570463E2BFC75F900D61155 /* OrderView.swift */ = {isa = PBXFileReference; lastKnownFileType = sourcecode.swift; path = OrderView.swift; sourceTree = "<group>"; };
		E57046402BFC761A00D61155 /* PaymentView.swift */ = {isa = PBXFileReference; lastKnownFileType = sourcecode.swift; path = PaymentView.swift; sourceTree = "<group>"; };
		E57046422BFC763000D61155 /* WaitingPayment.swift */ = {isa = PBXFileReference; lastKnownFileType = sourcecode.swift; path = WaitingPayment.swift; sourceTree = "<group>"; };
		E57046442BFC764000D61155 /* SuccessPayment.swift */ = {isa = PBXFileReference; lastKnownFileType = sourcecode.swift; path = SuccessPayment.swift; sourceTree = "<group>"; };
		E57046462BFC89D200D61155 /* ModalMenu.swift */ = {isa = PBXFileReference; lastKnownFileType = sourcecode.swift; path = ModalMenu.swift; sourceTree = "<group>"; };
		E57046482BFC911B00D61155 /* Payment.swift */ = {isa = PBXFileReference; lastKnownFileType = sourcecode.swift; path = Payment.swift; sourceTree = "<group>"; };
		E570464A2BFDA76900D61155 /* NavigationStackManager.swift */ = {isa = PBXFileReference; lastKnownFileType = sourcecode.swift; path = NavigationStackManager.swift; sourceTree = "<group>"; };
/* End PBXFileReference section */

/* Begin PBXFrameworksBuildPhase section */
		E57045FA2BF596AA00D61155 /* Frameworks */ = {
			isa = PBXFrameworksBuildPhase;
			buildActionMask = 2147483647;
			files = (
			);
			runOnlyForDeploymentPostprocessing = 0;
		};
/* End PBXFrameworksBuildPhase section */

/* Begin PBXGroup section */
		E5520CAF2C018C4C0075C0CF /* Core */ = {
			isa = PBXGroup;
			children = (
				E570464A2BFDA76900D61155 /* NavigationStackManager.swift */,
				E5520CA92C0076BF0075C0CF /* SheetManager.swift */,
				E5520CAD2C018C2A0075C0CF /* TransactionManager.swift */,
				E5520CA32C002BCA0075C0CF /* CartManager.swift */,
			);
			path = Core;
			sourceTree = "<group>";
		};
		E57045F42BF596AA00D61155 = {
			isa = PBXGroup;
			children = (
				E57045FF2BF596AA00D61155 /* harlanholdenkiosk */,
				E57045FE2BF596AA00D61155 /* Products */,
			);
			sourceTree = "<group>";
		};
		E57045FE2BF596AA00D61155 /* Products */ = {
			isa = PBXGroup;
			children = (
				E57045FD2BF596AA00D61155 /* harlanholdenkiosk.app */,
			);
			name = Products;
			sourceTree = "<group>";
		};
		E57045FF2BF596AA00D61155 /* harlanholdenkiosk */ = {
			isa = PBXGroup;
			children = (
				E5520CAF2C018C4C0075C0CF /* Core */,
				E57046352BFB915600D61155 /* Info.plist */,
				E57046322BF750A000D61155 /* Fonts */,
				E57046112BF5AAA100D61155 /* Views */,
				E57046102BF5AA9700D61155 /* Components */,
				E570460F2BF5AA8E00D61155 /* Models */,
				E57046002BF596AA00D61155 /* harlanholdenkioskApp.swift */,
				E57046042BF596AB00D61155 /* Assets.xcassets */,
				E57046062BF596AB00D61155 /* Preview Content */,
			);
			path = harlanholdenkiosk;
			sourceTree = "<group>";
		};
		E57046062BF596AB00D61155 /* Preview Content */ = {
			isa = PBXGroup;
			children = (
				E57046072BF596AB00D61155 /* Preview Assets.xcassets */,
			);
			path = "Preview Content";
			sourceTree = "<group>";
		};
		E570460F2BF5AA8E00D61155 /* Models */ = {
			isa = PBXGroup;
			children = (
				E57046122BF5AD8300D61155 /* PreImage.swift */,
				E57046332BFB8CD800D61155 /* TypeSales.swift */,
				E570463C2BFC31E300D61155 /* Menu.swift */,
				E57046482BFC911B00D61155 /* Payment.swift */,
				E5520CA52C002E3B0075C0CF /* Cart.swift */,
				E5520CA72C002F240075C0CF /* AddOn.swift */,
				E5520CAB2C018A0E0075C0CF /* Transaction.swift */,
			);
			path = Models;
			sourceTree = "<group>";
		};
		E57046102BF5AA9700D61155 /* Components */ = {
			isa = PBXGroup;
			children = (
			);
			path = Components;
			sourceTree = "<group>";
		};
		E57046112BF5AAA100D61155 /* Views */ = {
			isa = PBXGroup;
			children = (
				E57046162BF5B05A00D61155 /* PreScreenView.swift */,
				E57046182BF5DD8500D61155 /* HomeView.swift */,
				E570463E2BFC75F900D61155 /* OrderView.swift */,
				E57046402BFC761A00D61155 /* PaymentView.swift */,
				E57046422BFC763000D61155 /* WaitingPayment.swift */,
				E57046442BFC764000D61155 /* SuccessPayment.swift */,
				E57046462BFC89D200D61155 /* ModalMenu.swift */,
				E5520CA12BFF878C0075C0CF /* CartBucketView.swift */,
			);
			path = Views;
			sourceTree = "<group>";
		};
		E57046322BF750A000D61155 /* Fonts */ = {
			isa = PBXGroup;
			children = (
				E57046362BFB920D00D61155 /* Poppins-Bold.ttf */,
				E57046382BFB920D00D61155 /* Poppins-ExtraLight.ttf */,
				E570463A2BFB920D00D61155 /* Poppins-Light.ttf */,
				E570463B2BFB920D00D61155 /* Poppins-Medium.ttf */,
				E57046372BFB920D00D61155 /* Poppins-Regular.ttf */,
				E57046392BFB920D00D61155 /* Poppins-SemiBold.ttf */,
			);
			path = Fonts;
			sourceTree = "<group>";
		};
/* End PBXGroup section */

/* Begin PBXNativeTarget section */
		E57045FC2BF596AA00D61155 /* harlanholdenkiosk */ = {
			isa = PBXNativeTarget;
			buildConfigurationList = E570460B2BF596AB00D61155 /* Build configuration list for PBXNativeTarget "harlanholdenkiosk" */;
			buildPhases = (
				E57045F92BF596AA00D61155 /* Sources */,
				E57045FA2BF596AA00D61155 /* Frameworks */,
				E57045FB2BF596AA00D61155 /* Resources */,
			);
			buildRules = (
			);
			dependencies = (
			);
			name = harlanholdenkiosk;
			productName = harlanholdenkiosk;
			productReference = E57045FD2BF596AA00D61155 /* harlanholdenkiosk.app */;
			productType = "com.apple.product-type.application";
		};
/* End PBXNativeTarget section */

/* Begin PBXProject section */
		E57045F52BF596AA00D61155 /* Project object */ = {
			isa = PBXProject;
			attributes = {
				BuildIndependentTargetsInParallel = 1;
				LastSwiftUpdateCheck = 1430;
				LastUpgradeCheck = 1430;
				TargetAttributes = {
					E57045FC2BF596AA00D61155 = {
						CreatedOnToolsVersion = 14.3;
					};
				};
			};
			buildConfigurationList = E57045F82BF596AA00D61155 /* Build configuration list for PBXProject "harlanholdenkiosk" */;
			compatibilityVersion = "Xcode 14.0";
			developmentRegion = en;
			hasScannedForEncodings = 0;
			knownRegions = (
				en,
				Base,
			);
			mainGroup = E57045F42BF596AA00D61155;
			productRefGroup = E57045FE2BF596AA00D61155 /* Products */;
			projectDirPath = "";
			projectRoot = "";
			targets = (
				E57045FC2BF596AA00D61155 /* harlanholdenkiosk */,
			);
		};
/* End PBXProject section */

/* Begin PBXResourcesBuildPhase section */
		E57045FB2BF596AA00D61155 /* Resources */ = {
			isa = PBXResourcesBuildPhase;
			buildActionMask = 2147483647;
			files = (
				E57046082BF596AB00D61155 /* Preview Assets.xcassets in Resources */,
				E57046052BF596AB00D61155 /* Assets.xcassets in Resources */,
			);
			runOnlyForDeploymentPostprocessing = 0;
		};
/* End PBXResourcesBuildPhase section */

/* Begin PBXSourcesBuildPhase section */
		E57045F92BF596AA00D61155 /* Sources */ = {
			isa = PBXSourcesBuildPhase;
			buildActionMask = 2147483647;
			files = (
				E57046432BFC763000D61155 /* WaitingPayment.swift in Sources */,
				E5520CAA2C0076BF0075C0CF /* SheetManager.swift in Sources */,
				E57046172BF5B05A00D61155 /* PreScreenView.swift in Sources */,
				E57046412BFC761A00D61155 /* PaymentView.swift in Sources */,
				E5520CAE2C018C2A0075C0CF /* TransactionManager.swift in Sources */,
				E570463F2BFC75F900D61155 /* OrderView.swift in Sources */,
				E57046452BFC764000D61155 /* SuccessPayment.swift in Sources */,
				E570463D2BFC31E300D61155 /* Menu.swift in Sources */,
				E57046342BFB8CD800D61155 /* TypeSales.swift in Sources */,
				E570464B2BFDA76900D61155 /* NavigationStackManager.swift in Sources */,
				E57046492BFC911B00D61155 /* Payment.swift in Sources */,
				E5520CA82C002F240075C0CF /* AddOn.swift in Sources */,
				E5520CAC2C018A0F0075C0CF /* Transaction.swift in Sources */,
				E57046472BFC89D200D61155 /* ModalMenu.swift in Sources */,
				E5520CA42C002BCA0075C0CF /* CartManager.swift in Sources */,
				E57046132BF5AD8300D61155 /* PreImage.swift in Sources */,
				E57046192BF5DD8500D61155 /* HomeView.swift in Sources */,
				E5520CA22BFF878C0075C0CF /* CartBucketView.swift in Sources */,
				E57046012BF596AA00D61155 /* harlanholdenkioskApp.swift in Sources */,
				E5520CA62C002E3B0075C0CF /* Cart.swift in Sources */,
			);
			runOnlyForDeploymentPostprocessing = 0;
		};
/* End PBXSourcesBuildPhase section */

/* Begin XCBuildConfiguration section */
		E57046092BF596AB00D61155 /* Debug */ = {
			isa = XCBuildConfiguration;
			buildSettings = {
				ALWAYS_SEARCH_USER_PATHS = NO;
				CLANG_ANALYZER_NONNULL = YES;
				CLANG_ANALYZER_NUMBER_OBJECT_CONVERSION = YES_AGGRESSIVE;
				CLANG_CXX_LANGUAGE_STANDARD = "gnu++20";
				CLANG_ENABLE_MODULES = YES;
				CLANG_ENABLE_OBJC_ARC = YES;
				CLANG_ENABLE_OBJC_WEAK = YES;
				CLANG_WARN_BLOCK_CAPTURE_AUTORELEASING = YES;
				CLANG_WARN_BOOL_CONVERSION = YES;
				CLANG_WARN_COMMA = YES;
				CLANG_WARN_CONSTANT_CONVERSION = YES;
				CLANG_WARN_DEPRECATED_OBJC_IMPLEMENTATIONS = YES;
				CLANG_WARN_DIRECT_OBJC_ISA_USAGE = YES_ERROR;
				CLANG_WARN_DOCUMENTATION_COMMENTS = YES;
				CLANG_WARN_EMPTY_BODY = YES;
				CLANG_WARN_ENUM_CONVERSION = YES;
				CLANG_WARN_INFINITE_RECURSION = YES;
				CLANG_WARN_INT_CONVERSION = YES;
				CLANG_WARN_NON_LITERAL_NULL_CONVERSION = YES;
				CLANG_WARN_OBJC_IMPLICIT_RETAIN_SELF = YES;
				CLANG_WARN_OBJC_LITERAL_CONVERSION = YES;
				CLANG_WARN_OBJC_ROOT_CLASS = YES_ERROR;
				CLANG_WARN_QUOTED_INCLUDE_IN_FRAMEWORK_HEADER = YES;
				CLANG_WARN_RANGE_LOOP_ANALYSIS = YES;
				CLANG_WARN_STRICT_PROTOTYPES = YES;
				CLANG_WARN_SUSPICIOUS_MOVE = YES;
				CLANG_WARN_UNGUARDED_AVAILABILITY = YES_AGGRESSIVE;
				CLANG_WARN_UNREACHABLE_CODE = YES;
				CLANG_WARN__DUPLICATE_METHOD_MATCH = YES;
				COPY_PHASE_STRIP = NO;
				DEBUG_INFORMATION_FORMAT = dwarf;
				ENABLE_STRICT_OBJC_MSGSEND = YES;
				ENABLE_TESTABILITY = YES;
				GCC_C_LANGUAGE_STANDARD = gnu11;
				GCC_DYNAMIC_NO_PIC = NO;
				GCC_NO_COMMON_BLOCKS = YES;
				GCC_OPTIMIZATION_LEVEL = 0;
				GCC_PREPROCESSOR_DEFINITIONS = (
					"DEBUG=1",
					"$(inherited)",
				);
				GCC_WARN_64_TO_32_BIT_CONVERSION = YES;
				GCC_WARN_ABOUT_RETURN_TYPE = YES_ERROR;
				GCC_WARN_UNDECLARED_SELECTOR = YES;
				GCC_WARN_UNINITIALIZED_AUTOS = YES_AGGRESSIVE;
				GCC_WARN_UNUSED_FUNCTION = YES;
				GCC_WARN_UNUSED_VARIABLE = YES;
				IPHONEOS_DEPLOYMENT_TARGET = 16.4;
				MTL_ENABLE_DEBUG_INFO = INCLUDE_SOURCE;
				MTL_FAST_MATH = YES;
				ONLY_ACTIVE_ARCH = YES;
				SDKROOT = iphoneos;
				SWIFT_ACTIVE_COMPILATION_CONDITIONS = DEBUG;
				SWIFT_OPTIMIZATION_LEVEL = "-Onone";
			};
			name = Debug;
		};
		E570460A2BF596AB00D61155 /* Release */ = {
			isa = XCBuildConfiguration;
			buildSettings = {
				ALWAYS_SEARCH_USER_PATHS = NO;
				CLANG_ANALYZER_NONNULL = YES;
				CLANG_ANALYZER_NUMBER_OBJECT_CONVERSION = YES_AGGRESSIVE;
				CLANG_CXX_LANGUAGE_STANDARD = "gnu++20";
				CLANG_ENABLE_MODULES = YES;
				CLANG_ENABLE_OBJC_ARC = YES;
				CLANG_ENABLE_OBJC_WEAK = YES;
				CLANG_WARN_BLOCK_CAPTURE_AUTORELEASING = YES;
				CLANG_WARN_BOOL_CONVERSION = YES;
				CLANG_WARN_COMMA = YES;
				CLANG_WARN_CONSTANT_CONVERSION = YES;
				CLANG_WARN_DEPRECATED_OBJC_IMPLEMENTATIONS = YES;
				CLANG_WARN_DIRECT_OBJC_ISA_USAGE = YES_ERROR;
				CLANG_WARN_DOCUMENTATION_COMMENTS = YES;
				CLANG_WARN_EMPTY_BODY = YES;
				CLANG_WARN_ENUM_CONVERSION = YES;
				CLANG_WARN_INFINITE_RECURSION = YES;
				CLANG_WARN_INT_CONVERSION = YES;
				CLANG_WARN_NON_LITERAL_NULL_CONVERSION = YES;
				CLANG_WARN_OBJC_IMPLICIT_RETAIN_SELF = YES;
				CLANG_WARN_OBJC_LITERAL_CONVERSION = YES;
				CLANG_WARN_OBJC_ROOT_CLASS = YES_ERROR;
				CLANG_WARN_QUOTED_INCLUDE_IN_FRAMEWORK_HEADER = YES;
				CLANG_WARN_RANGE_LOOP_ANALYSIS = YES;
				CLANG_WARN_STRICT_PROTOTYPES = YES;
				CLANG_WARN_SUSPICIOUS_MOVE = YES;
				CLANG_WARN_UNGUARDED_AVAILABILITY = YES_AGGRESSIVE;
				CLANG_WARN_UNREACHABLE_CODE = YES;
				CLANG_WARN__DUPLICATE_METHOD_MATCH = YES;
				COPY_PHASE_STRIP = NO;
				DEBUG_INFORMATION_FORMAT = "dwarf-with-dsym";
				ENABLE_NS_ASSERTIONS = NO;
				ENABLE_STRICT_OBJC_MSGSEND = YES;
				GCC_C_LANGUAGE_STANDARD = gnu11;
				GCC_NO_COMMON_BLOCKS = YES;
				GCC_WARN_64_TO_32_BIT_CONVERSION = YES;
				GCC_WARN_ABOUT_RETURN_TYPE = YES_ERROR;
				GCC_WARN_UNDECLARED_SELECTOR = YES;
				GCC_WARN_UNINITIALIZED_AUTOS = YES_AGGRESSIVE;
				GCC_WARN_UNUSED_FUNCTION = YES;
				GCC_WARN_UNUSED_VARIABLE = YES;
				IPHONEOS_DEPLOYMENT_TARGET = 16.4;
				MTL_ENABLE_DEBUG_INFO = NO;
				MTL_FAST_MATH = YES;
				SDKROOT = iphoneos;
				SWIFT_COMPILATION_MODE = wholemodule;
				SWIFT_OPTIMIZATION_LEVEL = "-O";
				VALIDATE_PRODUCT = YES;
			};
			name = Release;
		};
		E570460C2BF596AB00D61155 /* Debug */ = {
			isa = XCBuildConfiguration;
			buildSettings = {
				ASSETCATALOG_COMPILER_APPICON_NAME = AppIcon;
				ASSETCATALOG_COMPILER_GLOBAL_ACCENT_COLOR_NAME = AccentColor;
				CODE_SIGN_STYLE = Automatic;
				CURRENT_PROJECT_VERSION = 1;
				DEVELOPMENT_ASSET_PATHS = "\"harlanholdenkiosk/Preview Content\"";
				ENABLE_PREVIEWS = YES;
				GENERATE_INFOPLIST_FILE = YES;
				INFOPLIST_FILE = harlanholdenkiosk/Info.plist;
				INFOPLIST_KEY_CFBundleDisplayName = "";
				INFOPLIST_KEY_LSApplicationCategoryType = "";
				INFOPLIST_KEY_UIApplicationSceneManifest_Generation = YES;
				INFOPLIST_KEY_UIApplicationSupportsIndirectInputEvents = YES;
				INFOPLIST_KEY_UILaunchScreen_Generation = YES;
				INFOPLIST_KEY_UISupportedInterfaceOrientations_iPad = "UIInterfaceOrientationPortrait UIInterfaceOrientationPortraitUpsideDown UIInterfaceOrientationLandscapeLeft UIInterfaceOrientationLandscapeRight";
				INFOPLIST_KEY_UISupportedInterfaceOrientations_iPhone = "UIInterfaceOrientationPortrait UIInterfaceOrientationLandscapeLeft UIInterfaceOrientationLandscapeRight";
				LD_RUNPATH_SEARCH_PATHS = (
					"$(inherited)",
					"@executable_path/Frameworks",
				);
				MARKETING_VERSION = 1.0;
				PRODUCT_BUNDLE_IDENTIFIER = com.example.harlanholdenkiosk;
				PRODUCT_NAME = "$(TARGET_NAME)";
				SWIFT_EMIT_LOC_STRINGS = YES;
				SWIFT_VERSION = 5.0;
				TARGETED_DEVICE_FAMILY = "1,2";
			};
			name = Debug;
		};
		E570460D2BF596AB00D61155 /* Release */ = {
			isa = XCBuildConfiguration;
			buildSettings = {
				ASSETCATALOG_COMPILER_APPICON_NAME = AppIcon;
				ASSETCATALOG_COMPILER_GLOBAL_ACCENT_COLOR_NAME = AccentColor;
				CODE_SIGN_STYLE = Automatic;
				CURRENT_PROJECT_VERSION = 1;
				DEVELOPMENT_ASSET_PATHS = "\"harlanholdenkiosk/Preview Content\"";
				ENABLE_PREVIEWS = YES;
				GENERATE_INFOPLIST_FILE = YES;
				INFOPLIST_FILE = harlanholdenkiosk/Info.plist;
				INFOPLIST_KEY_CFBundleDisplayName = "";
				INFOPLIST_KEY_LSApplicationCategoryType = "";
				INFOPLIST_KEY_UIApplicationSceneManifest_Generation = YES;
				INFOPLIST_KEY_UIApplicationSupportsIndirectInputEvents = YES;
				INFOPLIST_KEY_UILaunchScreen_Generation = YES;
				INFOPLIST_KEY_UISupportedInterfaceOrientations_iPad = "UIInterfaceOrientationPortrait UIInterfaceOrientationPortraitUpsideDown UIInterfaceOrientationLandscapeLeft UIInterfaceOrientationLandscapeRight";
				INFOPLIST_KEY_UISupportedInterfaceOrientations_iPhone = "UIInterfaceOrientationPortrait UIInterfaceOrientationLandscapeLeft UIInterfaceOrientationLandscapeRight";
				LD_RUNPATH_SEARCH_PATHS = (
					"$(inherited)",
					"@executable_path/Frameworks",
				);
				MARKETING_VERSION = 1.0;
				PRODUCT_BUNDLE_IDENTIFIER = com.example.harlanholdenkiosk;
				PRODUCT_NAME = "$(TARGET_NAME)";
				SWIFT_EMIT_LOC_STRINGS = YES;
				SWIFT_VERSION = 5.0;
				TARGETED_DEVICE_FAMILY = "1,2";
			};
			name = Release;
		};
/* End XCBuildConfiguration section */

/* Begin XCConfigurationList section */
		E57045F82BF596AA00D61155 /* Build configuration list for PBXProject "harlanholdenkiosk" */ = {
			isa = XCConfigurationList;
			buildConfigurations = (
				E57046092BF596AB00D61155 /* Debug */,
				E570460A2BF596AB00D61155 /* Release */,
			);
			defaultConfigurationIsVisible = 0;
			defaultConfigurationName = Release;
		};
		E570460B2BF596AB00D61155 /* Build configuration list for PBXNativeTarget "harlanholdenkiosk" */ = {
			isa = XCConfigurationList;
			buildConfigurations = (
				E570460C2BF596AB00D61155 /* Debug */,
				E570460D2BF596AB00D61155 /* Release */,
			);
			defaultConfigurationIsVisible = 0;
			defaultConfigurationName = Release;
		};
/* End XCConfigurationList section */
	};
	rootObject = E57045F52BF596AA00D61155 /* Project object */;
}
